
Microsoft Visual Studio Solution File, Format Version 12.00
# Visual Studio 15
VisualStudioVersion = 15.0.27703.2042
MinimumVisualStudioVersion = 10.0.40219.1
Project("{FAE04EC0-301F-11D3-BF4B-00C04F79EFBC}") = "delegateSample", "ConsoleApp1\delegateSample.csproj", "{9B81910D-6AE8-4A4A-9A1C-480D5A7F132C}"
EndProject
Project("{FAE04EC0-301F-11D3-BF4B-00C04F79EFBC}") = "IenumerableSample", "IenumerableSample\IenumerableSample.csproj", "{A9641E89-5E1C-426F-B078-35917B3681A1}"
EndProject
Project("{FAE04EC0-301F-11D3-BF4B-00C04F79EFBC}") = "enumSample", "enumSample\enumSample.csproj", "{2B7507FE-0FB1-4DE5-933C-64D0C55D147A}"
EndProject
Global
	GlobalSection(SolutionConfigurationPlatforms) = preSolution
		Debug|Any CPU = Debug|Any CPU
		Release|Any CPU = Release|Any CPU
	EndGlobalSection
	GlobalSection(ProjectConfigurationPlatforms) = postSolution
		{9B81910D-6AE8-4A4A-9A1C-480D5A7F132C}.Debug|Any CPU.ActiveCfg = Debug|Any CPU
		{9B81910D-6AE8-4A4A-9A1C-480D5A7F132C}.Debug|Any CPU.Build.0 = Debug|Any CPU
		{9B81910D-6AE8-4A4A-9A1C-480D5A7F132C}.Release|Any CPU.ActiveCfg = Release|Any CPU
		{9B81910D-6AE8-4A4A-9A1C-480D5A7F132C}.Release|Any CPU.Build.0 = Release|Any CPU
		{A9641E89-5E1C-426F-B078-35917B3681A1}.Debug|Any CPU.ActiveCfg = Debug|Any CPU
		{A9641E89-5E1C-426F-B078-35917B3681A1}.Debug|Any CPU.Build.0 = Debug|Any CPU
		{A9641E89-5E1C-426F-B078-35917B3681A1}.Release|Any CPU.ActiveCfg = Release|Any CPU
		{A9641E89-5E1C-426F-B078-35917B3681A1}.Release|Any CPU.Build.0 = Release|Any CPU
		{2B7507FE-0FB1-4DE5-933C-64D0C55D147A}.Debug|Any CPU.ActiveCfg = Debug|Any CPU
		{2B7507FE-0FB1-4DE5-933C-64D0C55D147A}.Debug|Any CPU.Build.0 = Debug|Any CPU
		{2B7507FE-0FB1-4DE5-933C-64D0C55D147A}.Release|Any CPU.ActiveCfg = Release|Any CPU
		{2B7507FE-0FB1-4DE5-933C-64D0C55D147A}.Release|Any CPU.Build.0 = Release|Any CPU
	EndGlobalSection
	GlobalSection(SolutionProperties) = preSolution
		HideSolutionNode = FALSE
	EndGlobalSection
	GlobalSection(ExtensibilityGlobals) = postSolution
		SolutionGuid = {AF408A48-4802-4427-B283-85B1D14B1803}
	EndGlobalSection
EndGlobal
