
Microsoft Visual Studio Solution File, Format Version 12.00
# Visual Studio 15
VisualStudioVersion = 15.0.27703.2042
MinimumVisualStudioVersion = 10.0.40219.1
Project("{FAE04EC0-301F-11D3-BF4B-00C04F79EFBC}") = "delegateSample", "ConsoleApp1\delegateSample.csproj", "{9B81910D-6AE8-4A4A-9A1C-480D5A7F132C}"
EndProject
Project("{FAE04EC0-301F-11D3-BF4B-00C04F79EFBC}") = "IenumerableSample", "IenumerableSample\IenumerableSample.csproj", "{A9641E89-5E1C-426F-B078-35917B3681A1}"
EndProject
Project("{FAE04EC0-301F-11D3-BF4B-00C04F79EFBC}") = "enumSample", "enumSample\enumSample.csproj", "{2B7507FE-0FB1-4DE5-933C-64D0C55D147A}"
EndProject
Project("{FAE04EC0-301F-11D3-BF4B-00C04F79EFBC}") = "eventSample1", "eventSample1\eventSample1.csproj", "{6B281B5E-71C1-47C1-9242-35F936829670}"
EndProject
Project("{FAE04EC0-301F-11D3-BF4B-00C04F79EFBC}") = "IndexerSample1", "IndexerSample1\IndexerSample1.csproj", "{EFD46672-6B0C-4267-8CA5-6C18DB13879F}"
EndProject
Project("{FAE04EC0-301F-11D3-BF4B-00C04F79EFBC}") = "IndexerSample2", "IndexerSample2\IndexerSample2.csproj", "{0C5FE07D-E04B-4DDC-A5C5-F36A50D63F39}"
EndProject
Project("{FAE04EC0-301F-11D3-BF4B-00C04F79EFBC}") = "DateTimeSample", "DateTimeSample\DateTimeSample.csproj", "{8EF44AD6-FB8D-4A1C-B670-1FD50F5D80A4}"
EndProject
Project("{FAE04EC0-301F-11D3-BF4B-00C04F79EFBC}") = "BitConverterSample", "BitConverterSample\BitConverterSample.csproj", "{FAC26693-C56B-418F-A83E-DDB76F0726D9}"
EndProject
Project("{FAE04EC0-301F-11D3-BF4B-00C04F79EFBC}") = "MemoryStreamSample", "MemoryStreamSample\MemoryStreamSample.csproj", "{8F80176F-DE08-4A52-85AE-52FF502557BF}"
EndProject
Project("{FAE04EC0-301F-11D3-BF4B-00C04F79EFBC}") = "StreamWriter_Reader_Sample", "StreamWriter_Reader_Sample\StreamWriter_Reader_Sample.csproj", "{D755097A-E123-450E-8A3E-9204C61BE134}"
EndProject
Project("{FAE04EC0-301F-11D3-BF4B-00C04F79EFBC}") = "BinaryWriter_Reader_sample", "BinaryWriter_Reader_sample\BinaryWriter_Reader_sample.csproj", "{1276D82A-A7B7-4604-AAC0-135F387026C3}"
EndProject
Project("{FAE04EC0-301F-11D3-BF4B-00C04F79EFBC}") = "BinaryFormatterSample", "BinaryFormatterSample\BinaryFormatterSample.csproj", "{87D50E7B-363E-4138-9DF8-BBE088673E0E}"
EndProject
Project("{FAE04EC0-301F-11D3-BF4B-00C04F79EFBC}") = "XmlSerializerSample", "XmlSerializerSample\XmlSerializerSample.csproj", "{C4AE8C92-B2FB-4966-8A57-2806E568D541}"
EndProject
Project("{FAE04EC0-301F-11D3-BF4B-00C04F79EFBC}") = "DataContactJsonSerializerSample", "DataContactJsonSerializerSample\DataContactJsonSerializerSample.csproj", "{B76047A5-EC72-4D9D-8E3F-6B51671DF2DB}"
EndProject
Project("{FAE04EC0-301F-11D3-BF4B-00C04F79EFBC}") = "ArrayListSample", "ArrayListSample\ArrayListSample.csproj", "{998F6675-856C-4362-9506-47BA78E8F440}"
EndProject
Project("{FAE04EC0-301F-11D3-BF4B-00C04F79EFBC}") = "FileStreamSample", "FileStreamSample\FileStreamSample.csproj", "{B675CB28-2F50-4990-A6D7-01DB026DAEB3}"
EndProject
Project("{FAE04EC0-301F-11D3-BF4B-00C04F79EFBC}") = "DirectorySample", "DirectorySample\DirectorySample.csproj", "{22893FB9-0333-41B9-92CD-C0410A20FD84}"
EndProject
Project("{FAE04EC0-301F-11D3-BF4B-00C04F79EFBC}") = "ThreadSample1", "ThreadSample1\ThreadSample1.csproj", "{8EF96E18-2A61-4431-A131-2CD55AC45514}"
EndProject
Project("{FAE04EC0-301F-11D3-BF4B-00C04F79EFBC}") = "ThreadSample2", "ThreadSample2\ThreadSample2.csproj", "{D0979DEB-EA13-4B93-9135-CAE103D290E2}"
EndProject
Project("{FAE04EC0-301F-11D3-BF4B-00C04F79EFBC}") = "ThreadSample3", "ThreadSample3\ThreadSample3.csproj", "{F165B1AC-67BC-4694-B710-AE7C2C87ACAB}"
EndProject
Project("{FAE04EC0-301F-11D3-BF4B-00C04F79EFBC}") = "ThreadSample4", "ThreadSample4\ThreadSample4.csproj", "{79E4B698-0A94-4DDF-A891-E001E74169C9}"
EndProject
Project("{FAE04EC0-301F-11D3-BF4B-00C04F79EFBC}") = "ThreadPool_ThreadWaitHandleSample", "ThreadPool_ThreadWaitHandleSample\ThreadPool_ThreadWaitHandleSample.csproj", "{B3310061-99F6-4F1E-8962-6005A778AE91}"
EndProject
Project("{FAE04EC0-301F-11D3-BF4B-00C04F79EFBC}") = "DnsSample", "DnsSample\DnsSample.csproj", "{070AF077-A00C-44A8-9C61-D5E5E9DB5C5F}"
EndProject
Project("{FAE04EC0-301F-11D3-BF4B-00C04F79EFBC}") = "SocketSample1", "SocketSample1\SocketSample1.csproj", "{359E3C38-D34E-446F-B0DD-2D6DAB4BD9D5}"
EndProject
Project("{FAE04EC0-301F-11D3-BF4B-00C04F79EFBC}") = "SocketSample2", "SocketSample2\SocketSample2.csproj", "{28D7AAD8-2CC6-46A5-9827-28B053D5E0F7}"
EndProject
Project("{FAE04EC0-301F-11D3-BF4B-00C04F79EFBC}") = "SocketSample3", "SocketSample3\SocketSample3.csproj", "{066FD35A-2565-4D54-85E1-8BD82E9946F4}"
EndProject
Project("{FAE04EC0-301F-11D3-BF4B-00C04F79EFBC}") = "SocketSample4", "SocketSample4\SocketSample4.csproj", "{9860A3BF-5F8C-41CE-BEE9-F5693AF75705}"
EndProject
Project("{FAE04EC0-301F-11D3-BF4B-00C04F79EFBC}") = "SocketSample5", "SocketSample5\SocketSample5.csproj", "{EBCA2228-DEEF-426E-9EF9-5660DCDF4810}"
EndProject
Project("{FAE04EC0-301F-11D3-BF4B-00C04F79EFBC}") = "HttpSample1", "HttpSample1\HttpSample1.csproj", "{370C1EC1-C423-41EB-B1F6-F43916A54598}"
EndProject
Project("{FAE04EC0-301F-11D3-BF4B-00C04F79EFBC}") = "HttpWebRequestSample", "HttpWebRequestSample\HttpWebRequestSample.csproj", "{6DC5BF10-AC5F-4573-B0C0-712C7E53B2CB}"
EndProject
Project("{FAE04EC0-301F-11D3-BF4B-00C04F79EFBC}") = "WebServerSample", "WebServerSample\WebServerSample.csproj", "{03BAC2E9-FDDF-4C6D-96B6-F39F44B69EBA}"
EndProject
Project("{FAE04EC0-301F-11D3-BF4B-00C04F79EFBC}") = "DataBaseSample1", "DataBaseSample1\DataBaseSample1.csproj", "{42A2C8CE-1986-40B3-B95F-B12EA552AFF6}"
EndProject
Project("{FAE04EC0-301F-11D3-BF4B-00C04F79EFBC}") = "ReflectionSample1", "ReflectionSample1\ReflectionSample1.csproj", "{02AB2E8A-2810-49E8-A7F0-A7F53EB7EE9B}"
EndProject
Project("{FAE04EC0-301F-11D3-BF4B-00C04F79EFBC}") = "testDll", "testDll\testDll.csproj", "{4C2FDB97-6C07-4FD5-AB36-4CF41F7A8526}"
EndProject
Project("{FAE04EC0-301F-11D3-BF4B-00C04F79EFBC}") = "ReflectionSample2", "ReflectionSample2\ReflectionSample2.csproj", "{BC5B9774-E6A9-4319-9FFA-A6AB05A7D0BD}"
EndProject
Project("{FAE04EC0-301F-11D3-BF4B-00C04F79EFBC}") = "reflectionSample3", "reflectionSample3\reflectionSample3.csproj", "{1274B452-A0E4-4AC3-8D53-FDBE9BB237E7}"
EndProject
Project("{FAE04EC0-301F-11D3-BF4B-00C04F79EFBC}") = "DataBaseSample2", "DataBaseSample2\DataBaseSample2.csproj", "{DFB9D9AA-794B-4E83-90E3-2DC5DFB1A6ED}"
EndProject
Project("{FAE04EC0-301F-11D3-BF4B-00C04F79EFBC}") = "DataBaseSample3", "DataBaseSample3\DataBaseSample3.csproj", "{D570B574-5F5F-43DF-B55A-64C581E030F4}"
EndProject
Global
	GlobalSection(SolutionConfigurationPlatforms) = preSolution
		Debug|Any CPU = Debug|Any CPU
		Release|Any CPU = Release|Any CPU
	EndGlobalSection
	GlobalSection(ProjectConfigurationPlatforms) = postSolution
		{9B81910D-6AE8-4A4A-9A1C-480D5A7F132C}.Debug|Any CPU.ActiveCfg = Debug|Any CPU
		{9B81910D-6AE8-4A4A-9A1C-480D5A7F132C}.Debug|Any CPU.Build.0 = Debug|Any CPU
		{9B81910D-6AE8-4A4A-9A1C-480D5A7F132C}.Release|Any CPU.ActiveCfg = Release|Any CPU
		{9B81910D-6AE8-4A4A-9A1C-480D5A7F132C}.Release|Any CPU.Build.0 = Release|Any CPU
		{A9641E89-5E1C-426F-B078-35917B3681A1}.Debug|Any CPU.ActiveCfg = Debug|Any CPU
		{A9641E89-5E1C-426F-B078-35917B3681A1}.Debug|Any CPU.Build.0 = Debug|Any CPU
		{A9641E89-5E1C-426F-B078-35917B3681A1}.Release|Any CPU.ActiveCfg = Release|Any CPU
		{A9641E89-5E1C-426F-B078-35917B3681A1}.Release|Any CPU.Build.0 = Release|Any CPU
		{2B7507FE-0FB1-4DE5-933C-64D0C55D147A}.Debug|Any CPU.ActiveCfg = Debug|Any CPU
		{2B7507FE-0FB1-4DE5-933C-64D0C55D147A}.Debug|Any CPU.Build.0 = Debug|Any CPU
		{2B7507FE-0FB1-4DE5-933C-64D0C55D147A}.Release|Any CPU.ActiveCfg = Release|Any CPU
		{2B7507FE-0FB1-4DE5-933C-64D0C55D147A}.Release|Any CPU.Build.0 = Release|Any CPU
		{6B281B5E-71C1-47C1-9242-35F936829670}.Debug|Any CPU.ActiveCfg = Debug|Any CPU
		{6B281B5E-71C1-47C1-9242-35F936829670}.Debug|Any CPU.Build.0 = Debug|Any CPU
		{6B281B5E-71C1-47C1-9242-35F936829670}.Release|Any CPU.ActiveCfg = Release|Any CPU
		{6B281B5E-71C1-47C1-9242-35F936829670}.Release|Any CPU.Build.0 = Release|Any CPU
		{EFD46672-6B0C-4267-8CA5-6C18DB13879F}.Debug|Any CPU.ActiveCfg = Debug|Any CPU
		{EFD46672-6B0C-4267-8CA5-6C18DB13879F}.Debug|Any CPU.Build.0 = Debug|Any CPU
		{EFD46672-6B0C-4267-8CA5-6C18DB13879F}.Release|Any CPU.ActiveCfg = Release|Any CPU
		{EFD46672-6B0C-4267-8CA5-6C18DB13879F}.Release|Any CPU.Build.0 = Release|Any CPU
		{0C5FE07D-E04B-4DDC-A5C5-F36A50D63F39}.Debug|Any CPU.ActiveCfg = Debug|Any CPU
		{0C5FE07D-E04B-4DDC-A5C5-F36A50D63F39}.Debug|Any CPU.Build.0 = Debug|Any CPU
		{0C5FE07D-E04B-4DDC-A5C5-F36A50D63F39}.Release|Any CPU.ActiveCfg = Release|Any CPU
		{0C5FE07D-E04B-4DDC-A5C5-F36A50D63F39}.Release|Any CPU.Build.0 = Release|Any CPU
		{8EF44AD6-FB8D-4A1C-B670-1FD50F5D80A4}.Debug|Any CPU.ActiveCfg = Debug|Any CPU
		{8EF44AD6-FB8D-4A1C-B670-1FD50F5D80A4}.Debug|Any CPU.Build.0 = Debug|Any CPU
		{8EF44AD6-FB8D-4A1C-B670-1FD50F5D80A4}.Release|Any CPU.ActiveCfg = Release|Any CPU
		{8EF44AD6-FB8D-4A1C-B670-1FD50F5D80A4}.Release|Any CPU.Build.0 = Release|Any CPU
		{FAC26693-C56B-418F-A83E-DDB76F0726D9}.Debug|Any CPU.ActiveCfg = Debug|Any CPU
		{FAC26693-C56B-418F-A83E-DDB76F0726D9}.Debug|Any CPU.Build.0 = Debug|Any CPU
		{FAC26693-C56B-418F-A83E-DDB76F0726D9}.Release|Any CPU.ActiveCfg = Release|Any CPU
		{FAC26693-C56B-418F-A83E-DDB76F0726D9}.Release|Any CPU.Build.0 = Release|Any CPU
		{8F80176F-DE08-4A52-85AE-52FF502557BF}.Debug|Any CPU.ActiveCfg = Debug|Any CPU
		{8F80176F-DE08-4A52-85AE-52FF502557BF}.Debug|Any CPU.Build.0 = Debug|Any CPU
		{8F80176F-DE08-4A52-85AE-52FF502557BF}.Release|Any CPU.ActiveCfg = Release|Any CPU
		{8F80176F-DE08-4A52-85AE-52FF502557BF}.Release|Any CPU.Build.0 = Release|Any CPU
		{D755097A-E123-450E-8A3E-9204C61BE134}.Debug|Any CPU.ActiveCfg = Debug|Any CPU
		{D755097A-E123-450E-8A3E-9204C61BE134}.Debug|Any CPU.Build.0 = Debug|Any CPU
		{D755097A-E123-450E-8A3E-9204C61BE134}.Release|Any CPU.ActiveCfg = Release|Any CPU
		{D755097A-E123-450E-8A3E-9204C61BE134}.Release|Any CPU.Build.0 = Release|Any CPU
		{1276D82A-A7B7-4604-AAC0-135F387026C3}.Debug|Any CPU.ActiveCfg = Debug|Any CPU
		{1276D82A-A7B7-4604-AAC0-135F387026C3}.Debug|Any CPU.Build.0 = Debug|Any CPU
		{1276D82A-A7B7-4604-AAC0-135F387026C3}.Release|Any CPU.ActiveCfg = Release|Any CPU
		{1276D82A-A7B7-4604-AAC0-135F387026C3}.Release|Any CPU.Build.0 = Release|Any CPU
		{87D50E7B-363E-4138-9DF8-BBE088673E0E}.Debug|Any CPU.ActiveCfg = Debug|Any CPU
		{87D50E7B-363E-4138-9DF8-BBE088673E0E}.Debug|Any CPU.Build.0 = Debug|Any CPU
		{87D50E7B-363E-4138-9DF8-BBE088673E0E}.Release|Any CPU.ActiveCfg = Release|Any CPU
		{87D50E7B-363E-4138-9DF8-BBE088673E0E}.Release|Any CPU.Build.0 = Release|Any CPU
		{C4AE8C92-B2FB-4966-8A57-2806E568D541}.Debug|Any CPU.ActiveCfg = Debug|Any CPU
		{C4AE8C92-B2FB-4966-8A57-2806E568D541}.Debug|Any CPU.Build.0 = Debug|Any CPU
		{C4AE8C92-B2FB-4966-8A57-2806E568D541}.Release|Any CPU.ActiveCfg = Release|Any CPU
		{C4AE8C92-B2FB-4966-8A57-2806E568D541}.Release|Any CPU.Build.0 = Release|Any CPU
		{B76047A5-EC72-4D9D-8E3F-6B51671DF2DB}.Debug|Any CPU.ActiveCfg = Debug|Any CPU
		{B76047A5-EC72-4D9D-8E3F-6B51671DF2DB}.Debug|Any CPU.Build.0 = Debug|Any CPU
		{B76047A5-EC72-4D9D-8E3F-6B51671DF2DB}.Release|Any CPU.ActiveCfg = Release|Any CPU
		{B76047A5-EC72-4D9D-8E3F-6B51671DF2DB}.Release|Any CPU.Build.0 = Release|Any CPU
		{998F6675-856C-4362-9506-47BA78E8F440}.Debug|Any CPU.ActiveCfg = Debug|Any CPU
		{998F6675-856C-4362-9506-47BA78E8F440}.Debug|Any CPU.Build.0 = Debug|Any CPU
		{998F6675-856C-4362-9506-47BA78E8F440}.Release|Any CPU.ActiveCfg = Release|Any CPU
		{998F6675-856C-4362-9506-47BA78E8F440}.Release|Any CPU.Build.0 = Release|Any CPU
		{B675CB28-2F50-4990-A6D7-01DB026DAEB3}.Debug|Any CPU.ActiveCfg = Debug|Any CPU
		{B675CB28-2F50-4990-A6D7-01DB026DAEB3}.Debug|Any CPU.Build.0 = Debug|Any CPU
		{B675CB28-2F50-4990-A6D7-01DB026DAEB3}.Release|Any CPU.ActiveCfg = Release|Any CPU
		{B675CB28-2F50-4990-A6D7-01DB026DAEB3}.Release|Any CPU.Build.0 = Release|Any CPU
		{22893FB9-0333-41B9-92CD-C0410A20FD84}.Debug|Any CPU.ActiveCfg = Debug|Any CPU
		{22893FB9-0333-41B9-92CD-C0410A20FD84}.Debug|Any CPU.Build.0 = Debug|Any CPU
		{22893FB9-0333-41B9-92CD-C0410A20FD84}.Release|Any CPU.ActiveCfg = Release|Any CPU
		{22893FB9-0333-41B9-92CD-C0410A20FD84}.Release|Any CPU.Build.0 = Release|Any CPU
		{8EF96E18-2A61-4431-A131-2CD55AC45514}.Debug|Any CPU.ActiveCfg = Debug|Any CPU
		{8EF96E18-2A61-4431-A131-2CD55AC45514}.Debug|Any CPU.Build.0 = Debug|Any CPU
		{8EF96E18-2A61-4431-A131-2CD55AC45514}.Release|Any CPU.ActiveCfg = Release|Any CPU
		{8EF96E18-2A61-4431-A131-2CD55AC45514}.Release|Any CPU.Build.0 = Release|Any CPU
		{D0979DEB-EA13-4B93-9135-CAE103D290E2}.Debug|Any CPU.ActiveCfg = Debug|Any CPU
		{D0979DEB-EA13-4B93-9135-CAE103D290E2}.Debug|Any CPU.Build.0 = Debug|Any CPU
		{D0979DEB-EA13-4B93-9135-CAE103D290E2}.Release|Any CPU.ActiveCfg = Release|Any CPU
		{D0979DEB-EA13-4B93-9135-CAE103D290E2}.Release|Any CPU.Build.0 = Release|Any CPU
		{F165B1AC-67BC-4694-B710-AE7C2C87ACAB}.Debug|Any CPU.ActiveCfg = Debug|Any CPU
		{F165B1AC-67BC-4694-B710-AE7C2C87ACAB}.Debug|Any CPU.Build.0 = Debug|Any CPU
		{F165B1AC-67BC-4694-B710-AE7C2C87ACAB}.Release|Any CPU.ActiveCfg = Release|Any CPU
		{F165B1AC-67BC-4694-B710-AE7C2C87ACAB}.Release|Any CPU.Build.0 = Release|Any CPU
		{79E4B698-0A94-4DDF-A891-E001E74169C9}.Debug|Any CPU.ActiveCfg = Debug|Any CPU
		{79E4B698-0A94-4DDF-A891-E001E74169C9}.Debug|Any CPU.Build.0 = Debug|Any CPU
		{79E4B698-0A94-4DDF-A891-E001E74169C9}.Release|Any CPU.ActiveCfg = Release|Any CPU
		{79E4B698-0A94-4DDF-A891-E001E74169C9}.Release|Any CPU.Build.0 = Release|Any CPU
		{B3310061-99F6-4F1E-8962-6005A778AE91}.Debug|Any CPU.ActiveCfg = Debug|Any CPU
		{B3310061-99F6-4F1E-8962-6005A778AE91}.Debug|Any CPU.Build.0 = Debug|Any CPU
		{B3310061-99F6-4F1E-8962-6005A778AE91}.Release|Any CPU.ActiveCfg = Release|Any CPU
		{B3310061-99F6-4F1E-8962-6005A778AE91}.Release|Any CPU.Build.0 = Release|Any CPU
		{070AF077-A00C-44A8-9C61-D5E5E9DB5C5F}.Debug|Any CPU.ActiveCfg = Debug|Any CPU
		{070AF077-A00C-44A8-9C61-D5E5E9DB5C5F}.Debug|Any CPU.Build.0 = Debug|Any CPU
		{070AF077-A00C-44A8-9C61-D5E5E9DB5C5F}.Release|Any CPU.ActiveCfg = Release|Any CPU
		{070AF077-A00C-44A8-9C61-D5E5E9DB5C5F}.Release|Any CPU.Build.0 = Release|Any CPU
		{359E3C38-D34E-446F-B0DD-2D6DAB4BD9D5}.Debug|Any CPU.ActiveCfg = Debug|Any CPU
		{359E3C38-D34E-446F-B0DD-2D6DAB4BD9D5}.Debug|Any CPU.Build.0 = Debug|Any CPU
		{359E3C38-D34E-446F-B0DD-2D6DAB4BD9D5}.Release|Any CPU.ActiveCfg = Release|Any CPU
		{359E3C38-D34E-446F-B0DD-2D6DAB4BD9D5}.Release|Any CPU.Build.0 = Release|Any CPU
		{28D7AAD8-2CC6-46A5-9827-28B053D5E0F7}.Debug|Any CPU.ActiveCfg = Debug|Any CPU
		{28D7AAD8-2CC6-46A5-9827-28B053D5E0F7}.Debug|Any CPU.Build.0 = Debug|Any CPU
		{28D7AAD8-2CC6-46A5-9827-28B053D5E0F7}.Release|Any CPU.ActiveCfg = Release|Any CPU
		{28D7AAD8-2CC6-46A5-9827-28B053D5E0F7}.Release|Any CPU.Build.0 = Release|Any CPU
		{066FD35A-2565-4D54-85E1-8BD82E9946F4}.Debug|Any CPU.ActiveCfg = Debug|Any CPU
		{066FD35A-2565-4D54-85E1-8BD82E9946F4}.Debug|Any CPU.Build.0 = Debug|Any CPU
		{066FD35A-2565-4D54-85E1-8BD82E9946F4}.Release|Any CPU.ActiveCfg = Release|Any CPU
		{066FD35A-2565-4D54-85E1-8BD82E9946F4}.Release|Any CPU.Build.0 = Release|Any CPU
		{9860A3BF-5F8C-41CE-BEE9-F5693AF75705}.Debug|Any CPU.ActiveCfg = Debug|Any CPU
		{9860A3BF-5F8C-41CE-BEE9-F5693AF75705}.Debug|Any CPU.Build.0 = Debug|Any CPU
		{9860A3BF-5F8C-41CE-BEE9-F5693AF75705}.Release|Any CPU.ActiveCfg = Release|Any CPU
		{9860A3BF-5F8C-41CE-BEE9-F5693AF75705}.Release|Any CPU.Build.0 = Release|Any CPU
		{EBCA2228-DEEF-426E-9EF9-5660DCDF4810}.Debug|Any CPU.ActiveCfg = Debug|Any CPU
		{EBCA2228-DEEF-426E-9EF9-5660DCDF4810}.Debug|Any CPU.Build.0 = Debug|Any CPU
		{EBCA2228-DEEF-426E-9EF9-5660DCDF4810}.Release|Any CPU.ActiveCfg = Release|Any CPU
		{EBCA2228-DEEF-426E-9EF9-5660DCDF4810}.Release|Any CPU.Build.0 = Release|Any CPU
		{370C1EC1-C423-41EB-B1F6-F43916A54598}.Debug|Any CPU.ActiveCfg = Debug|Any CPU
		{370C1EC1-C423-41EB-B1F6-F43916A54598}.Debug|Any CPU.Build.0 = Debug|Any CPU
		{370C1EC1-C423-41EB-B1F6-F43916A54598}.Release|Any CPU.ActiveCfg = Release|Any CPU
		{370C1EC1-C423-41EB-B1F6-F43916A54598}.Release|Any CPU.Build.0 = Release|Any CPU
		{6DC5BF10-AC5F-4573-B0C0-712C7E53B2CB}.Debug|Any CPU.ActiveCfg = Debug|Any CPU
		{6DC5BF10-AC5F-4573-B0C0-712C7E53B2CB}.Debug|Any CPU.Build.0 = Debug|Any CPU
		{6DC5BF10-AC5F-4573-B0C0-712C7E53B2CB}.Release|Any CPU.ActiveCfg = Release|Any CPU
		{6DC5BF10-AC5F-4573-B0C0-712C7E53B2CB}.Release|Any CPU.Build.0 = Release|Any CPU
		{03BAC2E9-FDDF-4C6D-96B6-F39F44B69EBA}.Debug|Any CPU.ActiveCfg = Debug|Any CPU
		{03BAC2E9-FDDF-4C6D-96B6-F39F44B69EBA}.Debug|Any CPU.Build.0 = Debug|Any CPU
		{03BAC2E9-FDDF-4C6D-96B6-F39F44B69EBA}.Release|Any CPU.ActiveCfg = Release|Any CPU
		{03BAC2E9-FDDF-4C6D-96B6-F39F44B69EBA}.Release|Any CPU.Build.0 = Release|Any CPU
		{42A2C8CE-1986-40B3-B95F-B12EA552AFF6}.Debug|Any CPU.ActiveCfg = Debug|Any CPU
		{42A2C8CE-1986-40B3-B95F-B12EA552AFF6}.Debug|Any CPU.Build.0 = Debug|Any CPU
		{42A2C8CE-1986-40B3-B95F-B12EA552AFF6}.Release|Any CPU.ActiveCfg = Release|Any CPU
		{42A2C8CE-1986-40B3-B95F-B12EA552AFF6}.Release|Any CPU.Build.0 = Release|Any CPU
		{02AB2E8A-2810-49E8-A7F0-A7F53EB7EE9B}.Debug|Any CPU.ActiveCfg = Debug|Any CPU
		{02AB2E8A-2810-49E8-A7F0-A7F53EB7EE9B}.Debug|Any CPU.Build.0 = Debug|Any CPU
		{02AB2E8A-2810-49E8-A7F0-A7F53EB7EE9B}.Release|Any CPU.ActiveCfg = Release|Any CPU
		{02AB2E8A-2810-49E8-A7F0-A7F53EB7EE9B}.Release|Any CPU.Build.0 = Release|Any CPU
		{4C2FDB97-6C07-4FD5-AB36-4CF41F7A8526}.Debug|Any CPU.ActiveCfg = Debug|Any CPU
		{4C2FDB97-6C07-4FD5-AB36-4CF41F7A8526}.Debug|Any CPU.Build.0 = Debug|Any CPU
		{4C2FDB97-6C07-4FD5-AB36-4CF41F7A8526}.Release|Any CPU.ActiveCfg = Release|Any CPU
		{4C2FDB97-6C07-4FD5-AB36-4CF41F7A8526}.Release|Any CPU.Build.0 = Release|Any CPU
		{BC5B9774-E6A9-4319-9FFA-A6AB05A7D0BD}.Debug|Any CPU.ActiveCfg = Debug|Any CPU
		{BC5B9774-E6A9-4319-9FFA-A6AB05A7D0BD}.Debug|Any CPU.Build.0 = Debug|Any CPU
		{BC5B9774-E6A9-4319-9FFA-A6AB05A7D0BD}.Release|Any CPU.ActiveCfg = Release|Any CPU
		{BC5B9774-E6A9-4319-9FFA-A6AB05A7D0BD}.Release|Any CPU.Build.0 = Release|Any CPU
		{1274B452-A0E4-4AC3-8D53-FDBE9BB237E7}.Debug|Any CPU.ActiveCfg = Debug|Any CPU
		{1274B452-A0E4-4AC3-8D53-FDBE9BB237E7}.Debug|Any CPU.Build.0 = Debug|Any CPU
		{1274B452-A0E4-4AC3-8D53-FDBE9BB237E7}.Release|Any CPU.ActiveCfg = Release|Any CPU
		{1274B452-A0E4-4AC3-8D53-FDBE9BB237E7}.Release|Any CPU.Build.0 = Release|Any CPU
		{DFB9D9AA-794B-4E83-90E3-2DC5DFB1A6ED}.Debug|Any CPU.ActiveCfg = Debug|Any CPU
		{DFB9D9AA-794B-4E83-90E3-2DC5DFB1A6ED}.Debug|Any CPU.Build.0 = Debug|Any CPU
		{DFB9D9AA-794B-4E83-90E3-2DC5DFB1A6ED}.Release|Any CPU.ActiveCfg = Release|Any CPU
		{DFB9D9AA-794B-4E83-90E3-2DC5DFB1A6ED}.Release|Any CPU.Build.0 = Release|Any CPU
		{D570B574-5F5F-43DF-B55A-64C581E030F4}.Debug|Any CPU.ActiveCfg = Debug|Any CPU
		{D570B574-5F5F-43DF-B55A-64C581E030F4}.Debug|Any CPU.Build.0 = Debug|Any CPU
		{D570B574-5F5F-43DF-B55A-64C581E030F4}.Release|Any CPU.ActiveCfg = Release|Any CPU
		{D570B574-5F5F-43DF-B55A-64C581E030F4}.Release|Any CPU.Build.0 = Release|Any CPU
	EndGlobalSection
	GlobalSection(SolutionProperties) = preSolution
		HideSolutionNode = FALSE
	EndGlobalSection
	GlobalSection(ExtensibilityGlobals) = postSolution
		SolutionGuid = {AF408A48-4802-4427-B283-85B1D14B1803}
	EndGlobalSection
EndGlobal
